PODS:
  - AppLovinSDK (11.1.1)
  - FluctSDK (6.15.0)

DEPENDENCIES:
  - AppLovinSDK
  - FluctSDK

SPEC REPOS:
  trunk:
    - AppLovinSDK
    - FluctSDK

SPEC CHECKSUMS:
  AppLovinSDK: a418677708090e2116e9080c3ca46cc81df7b8de
  FluctSDK: 0fd33a1dc14b0f9bd1adb0da4e60010de2c8d980

PODFILE CHECKSUM: a99e0517306f24c3d82f9fc6b1b4da96bed73499

COCOAPODS: 1.11.2
